
Microsoft Visual Studio Solution File, Format Version 12.00
# Visual Studio Version 17
VisualStudioVersion = 17.5.002.0
MinimumVisualStudioVersion = 10.0.40219.1
Project("{9A19103F-16F7-4668-BE54-9A1E7A4F7556}") = "ConsoleApp.Pratica2", "ConsoleApp.Pratica2.csproj", "{D010883D-A55B-43B1-9634-708B7782C124}"
EndProject
Global
	GlobalSection(SolutionConfigurationPlatforms) = preSolution
		Debug|Any CPU = Debug|Any CPU
		Release|Any CPU = Release|Any CPU
	EndGlobalSection
	GlobalSection(ProjectConfigurationPlatforms) = postSolution
		{D010883D-A55B-43B1-9634-708B7782C124}.Debug|Any CPU.ActiveCfg = Debug|Any CPU
		{D010883D-A55B-43B1-9634-708B7782C124}.Debug|Any CPU.Build.0 = Debug|Any CPU
		{D010883D-A55B-43B1-9634-708B7782C124}.Release|Any CPU.ActiveCfg = Release|Any CPU
		{D010883D-A55B-43B1-9634-708B7782C124}.Release|Any CPU.Build.0 = Release|Any CPU
	EndGlobalSection
	GlobalSection(SolutionProperties) = preSolution
		HideSolutionNode = FALSE
	EndGlobalSection
	GlobalSection(ExtensibilityGlobals) = postSolution
		SolutionGuid = {1F75415C-7BF4-455D-A23B-43FA0654C2B3}
	EndGlobalSection
EndGlobal
